// !$*UTF8*$!
{
	archiveVersion = 1;
	classes = {
	};
	objectVersion = 55;
	objects = {

/* Begin PBXBuildFile section */
		6055607927BD0DDE00454A98 /* AlbumListViewModel.swift in Sources */ = {isa = PBXBuildFile; fileRef = 6055607827BD0DDE00454A98 /* AlbumListViewModel.swift */; };
		6055607B27BD0E5F00454A98 /* AlbumViewModel.swift in Sources */ = {isa = PBXBuildFile; fileRef = 6055607A27BD0E5F00454A98 /* AlbumViewModel.swift */; };
		6055607D27BD0EF800454A98 /* Album.swift in Sources */ = {isa = PBXBuildFile; fileRef = 6055607C27BD0EF800454A98 /* Album.swift */; };
		6055607F27BD0F1200454A98 /* Photo.swift in Sources */ = {isa = PBXBuildFile; fileRef = 6055607E27BD0F1200454A98 /* Photo.swift */; };
		6055608227BD113800454A98 /* AlbumTableViewCell.swift in Sources */ = {isa = PBXBuildFile; fileRef = 6055608027BD113800454A98 /* AlbumTableViewCell.swift */; };
		6055608327BD113800454A98 /* AlbumTableViewCell.xib in Resources */ = {isa = PBXBuildFile; fileRef = 6055608127BD113800454A98 /* AlbumTableViewCell.xib */; };
		6055608C27BD11B400454A98 /* PhotoCollectionViewCell.swift in Sources */ = {isa = PBXBuildFile; fileRef = 6055608A27BD11B400454A98 /* PhotoCollectionViewCell.swift */; };
		6055608D27BD11B400454A98 /* PhotoCollectionViewCell.xib in Resources */ = {isa = PBXBuildFile; fileRef = 6055608B27BD11B400454A98 /* PhotoCollectionViewCell.xib */; };
		6055608F27BD12BA00454A98 /* UserDetailViewController.swift in Sources */ = {isa = PBXBuildFile; fileRef = 6055608E27BD12BA00454A98 /* UserDetailViewController.swift */; };
		6077627927BC98A40026C626 /* PostDetailViewController.swift in Sources */ = {isa = PBXBuildFile; fileRef = 6077627827BC98A40026C626 /* PostDetailViewController.swift */; };
		6077627B27BCADD80026C626 /* Comment.swift in Sources */ = {isa = PBXBuildFile; fileRef = 6077627A27BCADD80026C626 /* Comment.swift */; };
		6077627D27BCB1780026C626 /* CommentViewModel.swift in Sources */ = {isa = PBXBuildFile; fileRef = 6077627C27BCB1780026C626 /* CommentViewModel.swift */; };
		6077627F27BCB3560026C626 /* CommentTableViewCell.swift in Sources */ = {isa = PBXBuildFile; fileRef = 6077627E27BCB3560026C626 /* CommentTableViewCell.swift */; };
		6077628327BCBEC10026C626 /* PostDetailTableHeader.swift in Sources */ = {isa = PBXBuildFile; fileRef = 6077628227BCBEC10026C626 /* PostDetailTableHeader.swift */; };
		6085A62B27B8A6F4003121E4 /* PostListTableViewCell.swift in Sources */ = {isa = PBXBuildFile; fileRef = 6085A62A27B8A6F4003121E4 /* PostListTableViewCell.swift */; };
		6085A62E27B8B313003121E4 /* Constants.swift in Sources */ = {isa = PBXBuildFile; fileRef = 6085A62D27B8B313003121E4 /* Constants.swift */; };
		60A9A05D27B7AABB002C03BD /* AppDelegate.swift in Sources */ = {isa = PBXBuildFile; fileRef = 60A9A05C27B7AABB002C03BD /* AppDelegate.swift */; };
		60A9A05F27B7AABB002C03BD /* SceneDelegate.swift in Sources */ = {isa = PBXBuildFile; fileRef = 60A9A05E27B7AABB002C03BD /* SceneDelegate.swift */; };
		60A9A06127B7AABB002C03BD /* ViewController.swift in Sources */ = {isa = PBXBuildFile; fileRef = 60A9A06027B7AABB002C03BD /* ViewController.swift */; };
		60A9A06427B7AABB002C03BD /* Main.storyboard in Resources */ = {isa = PBXBuildFile; fileRef = 60A9A06227B7AABB002C03BD /* Main.storyboard */; };
		60A9A06627B7AABC002C03BD /* Assets.xcassets in Resources */ = {isa = PBXBuildFile; fileRef = 60A9A06527B7AABC002C03BD /* Assets.xcassets */; };
		60A9A06927B7AABC002C03BD /* LaunchScreen.storyboard in Resources */ = {isa = PBXBuildFile; fileRef = 60A9A06727B7AABC002C03BD /* LaunchScreen.storyboard */; };
		60A9A07227B7AD83002C03BD /* Post.swift in Sources */ = {isa = PBXBuildFile; fileRef = 60A9A07127B7AD83002C03BD /* Post.swift */; };
		60A9A07527B7E67E002C03BD /* NetworkManager.swift in Sources */ = {isa = PBXBuildFile; fileRef = 60A9A07427B7E67E002C03BD /* NetworkManager.swift */; };
		60A9A07827B80578002C03BD /* PostViewModel.swift in Sources */ = {isa = PBXBuildFile; fileRef = 60A9A07727B80578002C03BD /* PostViewModel.swift */; };
		60A9A07A27B806C5002C03BD /* User.swift in Sources */ = {isa = PBXBuildFile; fileRef = 60A9A07927B806C5002C03BD /* User.swift */; };
/* End PBXBuildFile section */

/* Begin PBXFileReference section */
		6055607827BD0DDE00454A98 /* AlbumListViewModel.swift */ = {isa = PBXFileReference; lastKnownFileType = sourcecode.swift; path = AlbumListViewModel.swift; sourceTree = "<group>"; };
		6055607A27BD0E5F00454A98 /* AlbumViewModel.swift */ = {isa = PBXFileReference; lastKnownFileType = sourcecode.swift; path = AlbumViewModel.swift; sourceTree = "<group>"; };
		6055607C27BD0EF800454A98 /* Album.swift */ = {isa = PBXFileReference; lastKnownFileType = sourcecode.swift; path = Album.swift; sourceTree = "<group>"; };
		6055607E27BD0F1200454A98 /* Photo.swift */ = {isa = PBXFileReference; lastKnownFileType = sourcecode.swift; path = Photo.swift; sourceTree = "<group>"; };
		6055608027BD113800454A98 /* AlbumTableViewCell.swift */ = {isa = PBXFileReference; lastKnownFileType = sourcecode.swift; path = AlbumTableViewCell.swift; sourceTree = "<group>"; };
		6055608127BD113800454A98 /* AlbumTableViewCell.xib */ = {isa = PBXFileReference; lastKnownFileType = file.xib; path = AlbumTableViewCell.xib; sourceTree = "<group>"; };
		6055608A27BD11B400454A98 /* PhotoCollectionViewCell.swift */ = {isa = PBXFileReference; lastKnownFileType = sourcecode.swift; path = PhotoCollectionViewCell.swift; sourceTree = "<group>"; };
		6055608B27BD11B400454A98 /* PhotoCollectionViewCell.xib */ = {isa = PBXFileReference; lastKnownFileType = file.xib; path = PhotoCollectionViewCell.xib; sourceTree = "<group>"; };
		6055608E27BD12BA00454A98 /* UserDetailViewController.swift */ = {isa = PBXFileReference; lastKnownFileType = sourcecode.swift; path = UserDetailViewController.swift; sourceTree = "<group>"; };
		6077627827BC98A40026C626 /* PostDetailViewController.swift */ = {isa = PBXFileReference; lastKnownFileType = sourcecode.swift; path = PostDetailViewController.swift; sourceTree = "<group>"; };
		6077627A27BCADD80026C626 /* Comment.swift */ = {isa = PBXFileReference; lastKnownFileType = sourcecode.swift; path = Comment.swift; sourceTree = "<group>"; };
		6077627C27BCB1780026C626 /* CommentViewModel.swift */ = {isa = PBXFileReference; lastKnownFileType = sourcecode.swift; path = CommentViewModel.swift; sourceTree = "<group>"; };
		6077627E27BCB3560026C626 /* CommentTableViewCell.swift */ = {isa = PBXFileReference; lastKnownFileType = sourcecode.swift; path = CommentTableViewCell.swift; sourceTree = "<group>"; };
		6077628227BCBEC10026C626 /* PostDetailTableHeader.swift */ = {isa = PBXFileReference; lastKnownFileType = sourcecode.swift; path = PostDetailTableHeader.swift; sourceTree = "<group>"; };
		6085A62A27B8A6F4003121E4 /* PostListTableViewCell.swift */ = {isa = PBXFileReference; lastKnownFileType = sourcecode.swift; path = PostListTableViewCell.swift; sourceTree = "<group>"; };
		6085A62D27B8B313003121E4 /* Constants.swift */ = {isa = PBXFileReference; lastKnownFileType = sourcecode.swift; path = Constants.swift; sourceTree = "<group>"; };
		60A9A05927B7AABB002C03BD /* kumparan test.app */ = {isa = PBXFileReference; explicitFileType = wrapper.application; includeInIndex = 0; path = "kumparan test.app"; sourceTree = BUILT_PRODUCTS_DIR; };
		60A9A05C27B7AABB002C03BD /* AppDelegate.swift */ = {isa = PBXFileReference; lastKnownFileType = sourcecode.swift; path = AppDelegate.swift; sourceTree = "<group>"; };
		60A9A05E27B7AABB002C03BD /* SceneDelegate.swift */ = {isa = PBXFileReference; lastKnownFileType = sourcecode.swift; path = SceneDelegate.swift; sourceTree = "<group>"; };
		60A9A06027B7AABB002C03BD /* ViewController.swift */ = {isa = PBXFileReference; lastKnownFileType = sourcecode.swift; path = ViewController.swift; sourceTree = "<group>"; };
		60A9A06327B7AABB002C03BD /* Base */ = {isa = PBXFileReference; lastKnownFileType = file.storyboard; name = Base; path = Base.lproj/Main.storyboard; sourceTree = "<group>"; };
		60A9A06527B7AABC002C03BD /* Assets.xcassets */ = {isa = PBXFileReference; lastKnownFileType = folder.assetcatalog; path = Assets.xcassets; sourceTree = "<group>"; };
		60A9A06827B7AABC002C03BD /* Base */ = {isa = PBXFileReference; lastKnownFileType = file.storyboard; name = Base; path = Base.lproj/LaunchScreen.storyboard; sourceTree = "<group>"; };
		60A9A06A27B7AABC002C03BD /* Info.plist */ = {isa = PBXFileReference; lastKnownFileType = text.plist.xml; path = Info.plist; sourceTree = "<group>"; };
		60A9A07127B7AD83002C03BD /* Post.swift */ = {isa = PBXFileReference; lastKnownFileType = sourcecode.swift; path = Post.swift; sourceTree = "<group>"; };
		60A9A07427B7E67E002C03BD /* NetworkManager.swift */ = {isa = PBXFileReference; lastKnownFileType = sourcecode.swift; path = NetworkManager.swift; sourceTree = "<group>"; };
		60A9A07727B80578002C03BD /* PostViewModel.swift */ = {isa = PBXFileReference; lastKnownFileType = sourcecode.swift; path = PostViewModel.swift; sourceTree = "<group>"; };
		60A9A07927B806C5002C03BD /* User.swift */ = {isa = PBXFileReference; lastKnownFileType = sourcecode.swift; path = User.swift; sourceTree = "<group>"; };
/* End PBXFileReference section */

/* Begin PBXFrameworksBuildPhase section */
		60A9A05627B7AABB002C03BD /* Frameworks */ = {
			isa = PBXFrameworksBuildPhase;
			buildActionMask = 2147483647;
			files = (
			);
			runOnlyForDeploymentPostprocessing = 0;
		};
/* End PBXFrameworksBuildPhase section */

/* Begin PBXGroup section */
		6055608627BD117200454A98 /* Album */ = {
			isa = PBXGroup;
			children = (
				6055608027BD113800454A98 /* AlbumTableViewCell.swift */,
				6055608127BD113800454A98 /* AlbumTableViewCell.xib */,
			);
			name = Album;
			sourceTree = "<group>";
		};
		6055608727BD118400454A98 /* Photo */ = {
			isa = PBXGroup;
			children = (
				6055608A27BD11B400454A98 /* PhotoCollectionViewCell.swift */,
				6055608B27BD11B400454A98 /* PhotoCollectionViewCell.xib */,
			);
			name = Photo;
			sourceTree = "<group>";
		};
		6077627727BC98880026C626 /* ViewControllers */ = {
			isa = PBXGroup;
			children = (
				60A9A06027B7AABB002C03BD /* ViewController.swift */,
				6077627827BC98A40026C626 /* PostDetailViewController.swift */,
				6055608E27BD12BA00454A98 /* UserDetailViewController.swift */,
			);
			path = ViewControllers;
			sourceTree = "<group>";
		};
		6085A62927B8A6CF003121E4 /* View */ = {
			isa = PBXGroup;
			children = (
				6085A62A27B8A6F4003121E4 /* PostListTableViewCell.swift */,
				6077627E27BCB3560026C626 /* CommentTableViewCell.swift */,
				6077628227BCBEC10026C626 /* PostDetailTableHeader.swift */,
				6055608627BD117200454A98 /* Album */,
				6055608727BD118400454A98 /* Photo */,
			);
			path = View;
			sourceTree = "<group>";
		};
		6085A62C27B8B2FA003121E4 /* Utilities */ = {
			isa = PBXGroup;
			children = (
				6085A62D27B8B313003121E4 /* Constants.swift */,
			);
			path = Utilities;
			sourceTree = "<group>";
		};
		60A9A05027B7AABB002C03BD = {
			isa = PBXGroup;
			children = (
				60A9A05B27B7AABB002C03BD /* kumparan test */,
				60A9A05A27B7AABB002C03BD /* Products */,
			);
			sourceTree = "<group>";
		};
		60A9A05A27B7AABB002C03BD /* Products */ = {
			isa = PBXGroup;
			children = (
				60A9A05927B7AABB002C03BD /* kumparan test.app */,
			);
			name = Products;
			sourceTree = "<group>";
		};
		60A9A05B27B7AABB002C03BD /* kumparan test */ = {
			isa = PBXGroup;
			children = (
				60A9A05C27B7AABB002C03BD /* AppDelegate.swift */,
				60A9A05E27B7AABB002C03BD /* SceneDelegate.swift */,
				6077627727BC98880026C626 /* ViewControllers */,
				60A9A07327B7C4D4002C03BD /* Services */,
				60A9A07027B7AD6E002C03BD /* Models */,
				60A9A07627B804F5002C03BD /* ViewModel */,
				6085A62927B8A6CF003121E4 /* View */,
				6085A62C27B8B2FA003121E4 /* Utilities */,
				60A9A06227B7AABB002C03BD /* Main.storyboard */,
				60A9A06527B7AABC002C03BD /* Assets.xcassets */,
				60A9A06727B7AABC002C03BD /* LaunchScreen.storyboard */,
				60A9A06A27B7AABC002C03BD /* Info.plist */,
			);
			path = "kumparan test";
			sourceTree = "<group>";
		};
		60A9A07027B7AD6E002C03BD /* Models */ = {
			isa = PBXGroup;
			children = (
				60A9A07127B7AD83002C03BD /* Post.swift */,
				60A9A07927B806C5002C03BD /* User.swift */,
				6077627A27BCADD80026C626 /* Comment.swift */,
				6055607C27BD0EF800454A98 /* Album.swift */,
				6055607E27BD0F1200454A98 /* Photo.swift */,
			);
			path = Models;
			sourceTree = "<group>";
		};
		60A9A07327B7C4D4002C03BD /* Services */ = {
			isa = PBXGroup;
			children = (
				60A9A07427B7E67E002C03BD /* NetworkManager.swift */,
			);
			path = Services;
			sourceTree = "<group>";
		};
		60A9A07627B804F5002C03BD /* ViewModel */ = {
			isa = PBXGroup;
			children = (
				60A9A07727B80578002C03BD /* PostViewModel.swift */,
				6077627C27BCB1780026C626 /* CommentViewModel.swift */,
				6055607827BD0DDE00454A98 /* AlbumListViewModel.swift */,
				6055607A27BD0E5F00454A98 /* AlbumViewModel.swift */,
			);
			path = ViewModel;
			sourceTree = "<group>";
		};
/* End PBXGroup section */

/* Begin PBXNativeTarget section */
		60A9A05827B7AABB002C03BD /* kumparan test */ = {
			isa = PBXNativeTarget;
			buildConfigurationList = 60A9A06D27B7AABC002C03BD /* Build configuration list for PBXNativeTarget "kumparan test" */;
			buildPhases = (
				60A9A05527B7AABB002C03BD /* Sources */,
				60A9A05627B7AABB002C03BD /* Frameworks */,
				60A9A05727B7AABB002C03BD /* Resources */,
			);
			buildRules = (
			);
			dependencies = (
			);
			name = "kumparan test";
			productName = "kumparan test";
			productReference = 60A9A05927B7AABB002C03BD /* kumparan test.app */;
			productType = "com.apple.product-type.application";
		};
/* End PBXNativeTarget section */

/* Begin PBXProject section */
		60A9A05127B7AABB002C03BD /* Project object */ = {
			isa = PBXProject;
			attributes = {
				BuildIndependentTargetsInParallel = 1;
				LastSwiftUpdateCheck = 1300;
				LastUpgradeCheck = 1300;
				TargetAttributes = {
					60A9A05827B7AABB002C03BD = {
						CreatedOnToolsVersion = 13.0;
					};
				};
			};
			buildConfigurationList = 60A9A05427B7AABB002C03BD /* Build configuration list for PBXProject "kumparan test" */;
			compatibilityVersion = "Xcode 13.0";
			developmentRegion = en;
			hasScannedForEncodings = 0;
			knownRegions = (
				en,
				Base,
			);
			mainGroup = 60A9A05027B7AABB002C03BD;
			productRefGroup = 60A9A05A27B7AABB002C03BD /* Products */;
			projectDirPath = "";
			projectRoot = "";
			targets = (
				60A9A05827B7AABB002C03BD /* kumparan test */,
			);
		};
/* End PBXProject section */

/* Begin PBXResourcesBuildPhase section */
		60A9A05727B7AABB002C03BD /* Resources */ = {
			isa = PBXResourcesBuildPhase;
			buildActionMask = 2147483647;
			files = (
				60A9A06927B7AABC002C03BD /* LaunchScreen.storyboard in Resources */,
				6055608D27BD11B400454A98 /* PhotoCollectionViewCell.xib in Resources */,
				60A9A06627B7AABC002C03BD /* Assets.xcassets in Resources */,
				60A9A06427B7AABB002C03BD /* Main.storyboard in Resources */,
				6055608327BD113800454A98 /* AlbumTableViewCell.xib in Resources */,
			);
			runOnlyForDeploymentPostprocessing = 0;
		};
/* End PBXResourcesBuildPhase section */

/* Begin PBXSourcesBuildPhase section */
		60A9A05527B7AABB002C03BD /* Sources */ = {
			isa = PBXSourcesBuildPhase;
			buildActionMask = 2147483647;
			files = (
				6077628327BCBEC10026C626 /* PostDetailTableHeader.swift in Sources */,
				6055608C27BD11B400454A98 /* PhotoCollectionViewCell.swift in Sources */,
				6077627D27BCB1780026C626 /* CommentViewModel.swift in Sources */,
				60A9A07827B80578002C03BD /* PostViewModel.swift in Sources */,
				6055607D27BD0EF800454A98 /* Album.swift in Sources */,
				6055607927BD0DDE00454A98 /* AlbumListViewModel.swift in Sources */,
				6055608227BD113800454A98 /* AlbumTableViewCell.swift in Sources */,
				60A9A06127B7AABB002C03BD /* ViewController.swift in Sources */,
				60A9A05D27B7AABB002C03BD /* AppDelegate.swift in Sources */,
				6085A62B27B8A6F4003121E4 /* PostListTableViewCell.swift in Sources */,
				60A9A07527B7E67E002C03BD /* NetworkManager.swift in Sources */,
				60A9A05F27B7AABB002C03BD /* SceneDelegate.swift in Sources */,
				60A9A07227B7AD83002C03BD /* Post.swift in Sources */,
				6077627F27BCB3560026C626 /* CommentTableViewCell.swift in Sources */,
				6055608F27BD12BA00454A98 /* UserDetailViewController.swift in Sources */,
				6055607F27BD0F1200454A98 /* Photo.swift in Sources */,
				6077627927BC98A40026C626 /* PostDetailViewController.swift in Sources */,
				6055607B27BD0E5F00454A98 /* AlbumViewModel.swift in Sources */,
				60A9A07A27B806C5002C03BD /* User.swift in Sources */,
				6077627B27BCADD80026C626 /* Comment.swift in Sources */,
				6085A62E27B8B313003121E4 /* Constants.swift in Sources */,
			);
			runOnlyForDeploymentPostprocessing = 0;
		};
/* End PBXSourcesBuildPhase section */

/* Begin PBXVariantGroup section */
		60A9A06227B7AABB002C03BD /* Main.storyboard */ = {
			isa = PBXVariantGroup;
			children = (
				60A9A06327B7AABB002C03BD /* Base */,
			);
			name = Main.storyboard;
			sourceTree = "<group>";
		};
		60A9A06727B7AABC002C03BD /* LaunchScreen.storyboard */ = {
			isa = PBXVariantGroup;
			children = (
				60A9A06827B7AABC002C03BD /* Base */,
			);
			name = LaunchScreen.storyboard;
			sourceTree = "<group>";
		};
/* End PBXVariantGroup section */

/* Begin XCBuildConfiguration section */
		60A9A06B27B7AABC002C03BD /* Debug */ = {
			isa = XCBuildConfiguration;
			buildSettings = {
				ALWAYS_SEARCH_USER_PATHS = NO;
				CLANG_ANALYZER_NONNULL = YES;
				CLANG_ANALYZER_NUMBER_OBJECT_CONVERSION = YES_AGGRESSIVE;
				CLANG_CXX_LANGUAGE_STANDARD = "gnu++17";
				CLANG_CXX_LIBRARY = "libc++";
				CLANG_ENABLE_MODULES = YES;
				CLANG_ENABLE_OBJC_ARC = YES;
				CLANG_ENABLE_OBJC_WEAK = YES;
				CLANG_WARN_BLOCK_CAPTURE_AUTORELEASING = YES;
				CLANG_WARN_BOOL_CONVERSION = YES;
				CLANG_WARN_COMMA = YES;
				CLANG_WARN_CONSTANT_CONVERSION = YES;
				CLANG_WARN_DEPRECATED_OBJC_IMPLEMENTATIONS = YES;
				CLANG_WARN_DIRECT_OBJC_ISA_USAGE = YES_ERROR;
				CLANG_WARN_DOCUMENTATION_COMMENTS = YES;
				CLANG_WARN_EMPTY_BODY = YES;
				CLANG_WARN_ENUM_CONVERSION = YES;
				CLANG_WARN_INFINITE_RECURSION = YES;
				CLANG_WARN_INT_CONVERSION = YES;
				CLANG_WARN_NON_LITERAL_NULL_CONVERSION = YES;
				CLANG_WARN_OBJC_IMPLICIT_RETAIN_SELF = YES;
				CLANG_WARN_OBJC_LITERAL_CONVERSION = YES;
				CLANG_WARN_OBJC_ROOT_CLASS = YES_ERROR;
				CLANG_WARN_QUOTED_INCLUDE_IN_FRAMEWORK_HEADER = YES;
				CLANG_WARN_RANGE_LOOP_ANALYSIS = YES;
				CLANG_WARN_STRICT_PROTOTYPES = YES;
				CLANG_WARN_SUSPICIOUS_MOVE = YES;
				CLANG_WARN_UNGUARDED_AVAILABILITY = YES_AGGRESSIVE;
				CLANG_WARN_UNREACHABLE_CODE = YES;
				CLANG_WARN__DUPLICATE_METHOD_MATCH = YES;
				COPY_PHASE_STRIP = NO;
				DEBUG_INFORMATION_FORMAT = dwarf;
				ENABLE_STRICT_OBJC_MSGSEND = YES;
				ENABLE_TESTABILITY = YES;
				GCC_C_LANGUAGE_STANDARD = gnu11;
				GCC_DYNAMIC_NO_PIC = NO;
				GCC_NO_COMMON_BLOCKS = YES;
				GCC_OPTIMIZATION_LEVEL = 0;
				GCC_PREPROCESSOR_DEFINITIONS = (
					"DEBUG=1",
					"$(inherited)",
				);
				GCC_WARN_64_TO_32_BIT_CONVERSION = YES;
				GCC_WARN_ABOUT_RETURN_TYPE = YES_ERROR;
				GCC_WARN_UNDECLARED_SELECTOR = YES;
				GCC_WARN_UNINITIALIZED_AUTOS = YES_AGGRESSIVE;
				GCC_WARN_UNUSED_FUNCTION = YES;
				GCC_WARN_UNUSED_VARIABLE = YES;
				IPHONEOS_DEPLOYMENT_TARGET = 15.0;
				MTL_ENABLE_DEBUG_INFO = INCLUDE_SOURCE;
				MTL_FAST_MATH = YES;
				ONLY_ACTIVE_ARCH = YES;
				SDKROOT = iphoneos;
				SWIFT_ACTIVE_COMPILATION_CONDITIONS = DEBUG;
				SWIFT_OPTIMIZATION_LEVEL = "-Onone";
			};
			name = Debug;
		};
		60A9A06C27B7AABC002C03BD /* Release */ = {
			isa = XCBuildConfiguration;
			buildSettings = {
				ALWAYS_SEARCH_USER_PATHS = NO;
				CLANG_ANALYZER_NONNULL = YES;
				CLANG_ANALYZER_NUMBER_OBJECT_CONVERSION = YES_AGGRESSIVE;
				CLANG_CXX_LANGUAGE_STANDARD = "gnu++17";
				CLANG_CXX_LIBRARY = "libc++";
				CLANG_ENABLE_MODULES = YES;
				CLANG_ENABLE_OBJC_ARC = YES;
				CLANG_ENABLE_OBJC_WEAK = YES;
				CLANG_WARN_BLOCK_CAPTURE_AUTORELEASING = YES;
				CLANG_WARN_BOOL_CONVERSION = YES;
				CLANG_WARN_COMMA = YES;
				CLANG_WARN_CONSTANT_CONVERSION = YES;
				CLANG_WARN_DEPRECATED_OBJC_IMPLEMENTATIONS = YES;
				CLANG_WARN_DIRECT_OBJC_ISA_USAGE = YES_ERROR;
				CLANG_WARN_DOCUMENTATION_COMMENTS = YES;
				CLANG_WARN_EMPTY_BODY = YES;
				CLANG_WARN_ENUM_CONVERSION = YES;
				CLANG_WARN_INFINITE_RECURSION = YES;
				CLANG_WARN_INT_CONVERSION = YES;
				CLANG_WARN_NON_LITERAL_NULL_CONVERSION = YES;
				CLANG_WARN_OBJC_IMPLICIT_RETAIN_SELF = YES;
				CLANG_WARN_OBJC_LITERAL_CONVERSION = YES;
				CLANG_WARN_OBJC_ROOT_CLASS = YES_ERROR;
				CLANG_WARN_QUOTED_INCLUDE_IN_FRAMEWORK_HEADER = YES;
				CLANG_WARN_RANGE_LOOP_ANALYSIS = YES;
				CLANG_WARN_STRICT_PROTOTYPES = YES;
				CLANG_WARN_SUSPICIOUS_MOVE = YES;
				CLANG_WARN_UNGUARDED_AVAILABILITY = YES_AGGRESSIVE;
				CLANG_WARN_UNREACHABLE_CODE = YES;
				CLANG_WARN__DUPLICATE_METHOD_MATCH = YES;
				COPY_PHASE_STRIP = NO;
				DEBUG_INFORMATION_FORMAT = "dwarf-with-dsym";
				ENABLE_NS_ASSERTIONS = NO;
				ENABLE_STRICT_OBJC_MSGSEND = YES;
				GCC_C_LANGUAGE_STANDARD = gnu11;
				GCC_NO_COMMON_BLOCKS = YES;
				GCC_WARN_64_TO_32_BIT_CONVERSION = YES;
				GCC_WARN_ABOUT_RETURN_TYPE = YES_ERROR;
				GCC_WARN_UNDECLARED_SELECTOR = YES;
				GCC_WARN_UNINITIALIZED_AUTOS = YES_AGGRESSIVE;
				GCC_WARN_UNUSED_FUNCTION = YES;
				GCC_WARN_UNUSED_VARIABLE = YES;
				IPHONEOS_DEPLOYMENT_TARGET = 15.0;
				MTL_ENABLE_DEBUG_INFO = NO;
				MTL_FAST_MATH = YES;
				SDKROOT = iphoneos;
				SWIFT_COMPILATION_MODE = wholemodule;
				SWIFT_OPTIMIZATION_LEVEL = "-O";
				VALIDATE_PRODUCT = YES;
			};
			name = Release;
		};
		60A9A06E27B7AABC002C03BD /* Debug */ = {
			isa = XCBuildConfiguration;
			buildSettings = {
				ASSETCATALOG_COMPILER_APPICON_NAME = AppIcon;
				ASSETCATALOG_COMPILER_GLOBAL_ACCENT_COLOR_NAME = AccentColor;
				CODE_SIGN_STYLE = Automatic;
				CURRENT_PROJECT_VERSION = 1;
				DEVELOPMENT_TEAM = V2MAHT2ABP;
				GENERATE_INFOPLIST_FILE = YES;
				INFOPLIST_FILE = "kumparan test/Info.plist";
				INFOPLIST_KEY_UIApplicationSupportsIndirectInputEvents = YES;
				INFOPLIST_KEY_UILaunchStoryboardName = LaunchScreen;
				INFOPLIST_KEY_UIMainStoryboardFile = Main;
				INFOPLIST_KEY_UISupportedInterfaceOrientations_iPad = "UIInterfaceOrientationPortrait UIInterfaceOrientationPortraitUpsideDown UIInterfaceOrientationLandscapeLeft UIInterfaceOrientationLandscapeRight";
				INFOPLIST_KEY_UISupportedInterfaceOrientations_iPhone = "UIInterfaceOrientationPortrait UIInterfaceOrientationLandscapeLeft UIInterfaceOrientationLandscapeRight";
				LD_RUNPATH_SEARCH_PATHS = (
					"$(inherited)",
					"@executable_path/Frameworks",
				);
				MARKETING_VERSION = 1.0;
				PRODUCT_BUNDLE_IDENTIFIER = "com.maurice.kumparan-test";
				PRODUCT_NAME = "$(TARGET_NAME)";
				SWIFT_EMIT_LOC_STRINGS = YES;
				SWIFT_VERSION = 5.0;
				TARGETED_DEVICE_FAMILY = "1,2";
			};
			name = Debug;
		};
		60A9A06F27B7AABC002C03BD /* Release */ = {
			isa = XCBuildConfiguration;
			buildSettings = {
				ASSETCATALOG_COMPILER_APPICON_NAME = AppIcon;
				ASSETCATALOG_COMPILER_GLOBAL_ACCENT_COLOR_NAME = AccentColor;
				CODE_SIGN_STYLE = Automatic;
				CURRENT_PROJECT_VERSION = 1;
				DEVELOPMENT_TEAM = V2MAHT2ABP;
				GENERATE_INFOPLIST_FILE = YES;
				INFOPLIST_FILE = "kumparan test/Info.plist";
				INFOPLIST_KEY_UIApplicationSupportsIndirectInputEvents = YES;
				INFOPLIST_KEY_UILaunchStoryboardName = LaunchScreen;
				INFOPLIST_KEY_UIMainStoryboardFile = Main;
				INFOPLIST_KEY_UISupportedInterfaceOrientations_iPad = "UIInterfaceOrientationPortrait UIInterfaceOrientationPortraitUpsideDown UIInterfaceOrientationLandscapeLeft UIInterfaceOrientationLandscapeRight";
				INFOPLIST_KEY_UISupportedInterfaceOrientations_iPhone = "UIInterfaceOrientationPortrait UIInterfaceOrientationLandscapeLeft UIInterfaceOrientationLandscapeRight";
				LD_RUNPATH_SEARCH_PATHS = (
					"$(inherited)",
					"@executable_path/Frameworks",
				);
				MARKETING_VERSION = 1.0;
				PRODUCT_BUNDLE_IDENTIFIER = "com.maurice.kumparan-test";
				PRODUCT_NAME = "$(TARGET_NAME)";
				SWIFT_EMIT_LOC_STRINGS = YES;
				SWIFT_VERSION = 5.0;
				TARGETED_DEVICE_FAMILY = "1,2";
			};
			name = Release;
		};
/* End XCBuildConfiguration section */

/* Begin XCConfigurationList section */
		60A9A05427B7AABB002C03BD /* Build configuration list for PBXProject "kumparan test" */ = {
			isa = XCConfigurationList;
			buildConfigurations = (
				60A9A06B27B7AABC002C03BD /* Debug */,
				60A9A06C27B7AABC002C03BD /* Release */,
			);
			defaultConfigurationIsVisible = 0;
			defaultConfigurationName = Release;
		};
		60A9A06D27B7AABC002C03BD /* Build configuration list for PBXNativeTarget "kumparan test" */ = {
			isa = XCConfigurationList;
			buildConfigurations = (
				60A9A06E27B7AABC002C03BD /* Debug */,
				60A9A06F27B7AABC002C03BD /* Release */,
			);
			defaultConfigurationIsVisible = 0;
			defaultConfigurationName = Release;
		};
/* End XCConfigurationList section */
	};
	rootObject = 60A9A05127B7AABB002C03BD /* Project object */;
}
